
Microsoft Visual Studio Solution File, Format Version 12.00
# Visual Studio Version 16
VisualStudioVersion = 16.0.29102.190
MinimumVisualStudioVersion = 10.0.40219.1
Project("{9A19103F-16F7-4668-BE54-9A1E7A4F7556}") = "Betfair", "Betfair\Betfair.csproj", "{85386913-19B6-4228-9279-79F3E42B1BA6}"
EndProject
Project("{2150E333-8FDC-42A3-9474-1A3956D46DE8}") = "Solution Items", "Solution Items", "{5519679B-E931-4F67-AAC8-97EEC7FB5F08}"
	ProjectSection(SolutionItems) = preProject
		.editorconfig = .editorconfig
	EndProjectSection
EndProject
Project("{FAE04EC0-301F-11D3-BF4B-00C04F79EFBC}") = "Betfair.Core", "Betfair.Core\Betfair.Core.csproj", "{7A6E87DF-D40F-4616-82A5-70BCCB5AE5A5}"
EndProject
Project("{FAE04EC0-301F-11D3-BF4B-00C04F79EFBC}") = "Betfair.Stream", "Betfair.Stream\Betfair.Stream.csproj", "{34383D76-B58B-451E-BABB-740713299753}"
EndProject
Project("{FAE04EC0-301F-11D3-BF4B-00C04F79EFBC}") = "Betfair.Core.Tests", "Betfair.Core.Tests\Betfair.Core.Tests.csproj", "{B5FA9B31-AF06-46DE-8C35-E9F2C308A47F}"
EndProject
Project("{FAE04EC0-301F-11D3-BF4B-00C04F79EFBC}") = "Betfair.Stream.Tests", "Betfair.Stream.Tests\Betfair.Stream.Tests.csproj", "{6ED6DD0A-881D-44BD-9F18-5D56EDC440AE}"
EndProject
Project("{9A19103F-16F7-4668-BE54-9A1E7A4F7556}") = "Betfair.Identity", "Betfair.Identity\Betfair.Identity.csproj", "{468B125C-36CD-4F0C-97BD-94C66A3E9BBB}"
EndProject
Global
	GlobalSection(SolutionConfigurationPlatforms) = preSolution
		Debug|Any CPU = Debug|Any CPU
		Release|Any CPU = Release|Any CPU
	EndGlobalSection
	GlobalSection(ProjectConfigurationPlatforms) = postSolution
		{85386913-19B6-4228-9279-79F3E42B1BA6}.Debug|Any CPU.ActiveCfg = Debug|Any CPU
		{85386913-19B6-4228-9279-79F3E42B1BA6}.Debug|Any CPU.Build.0 = Debug|Any CPU
		{85386913-19B6-4228-9279-79F3E42B1BA6}.Release|Any CPU.ActiveCfg = Release|Any CPU
		{85386913-19B6-4228-9279-79F3E42B1BA6}.Release|Any CPU.Build.0 = Release|Any CPU
		{7A6E87DF-D40F-4616-82A5-70BCCB5AE5A5}.Debug|Any CPU.ActiveCfg = Debug|Any CPU
		{7A6E87DF-D40F-4616-82A5-70BCCB5AE5A5}.Debug|Any CPU.Build.0 = Debug|Any CPU
		{7A6E87DF-D40F-4616-82A5-70BCCB5AE5A5}.Release|Any CPU.ActiveCfg = Release|Any CPU
		{7A6E87DF-D40F-4616-82A5-70BCCB5AE5A5}.Release|Any CPU.Build.0 = Release|Any CPU
		{34383D76-B58B-451E-BABB-740713299753}.Debug|Any CPU.ActiveCfg = Debug|Any CPU
		{34383D76-B58B-451E-BABB-740713299753}.Debug|Any CPU.Build.0 = Debug|Any CPU
		{34383D76-B58B-451E-BABB-740713299753}.Release|Any CPU.ActiveCfg = Release|Any CPU
		{34383D76-B58B-451E-BABB-740713299753}.Release|Any CPU.Build.0 = Release|Any CPU
		{B5FA9B31-AF06-46DE-8C35-E9F2C308A47F}.Debug|Any CPU.ActiveCfg = Debug|Any CPU
		{B5FA9B31-AF06-46DE-8C35-E9F2C308A47F}.Debug|Any CPU.Build.0 = Debug|Any CPU
		{B5FA9B31-AF06-46DE-8C35-E9F2C308A47F}.Release|Any CPU.ActiveCfg = Release|Any CPU
		{B5FA9B31-AF06-46DE-8C35-E9F2C308A47F}.Release|Any CPU.Build.0 = Release|Any CPU
		{6ED6DD0A-881D-44BD-9F18-5D56EDC440AE}.Debug|Any CPU.ActiveCfg = Debug|Any CPU
		{6ED6DD0A-881D-44BD-9F18-5D56EDC440AE}.Debug|Any CPU.Build.0 = Debug|Any CPU
		{6ED6DD0A-881D-44BD-9F18-5D56EDC440AE}.Release|Any CPU.ActiveCfg = Release|Any CPU
		{6ED6DD0A-881D-44BD-9F18-5D56EDC440AE}.Release|Any CPU.Build.0 = Release|Any CPU
		{468B125C-36CD-4F0C-97BD-94C66A3E9BBB}.Debug|Any CPU.ActiveCfg = Debug|Any CPU
		{468B125C-36CD-4F0C-97BD-94C66A3E9BBB}.Debug|Any CPU.Build.0 = Debug|Any CPU
		{468B125C-36CD-4F0C-97BD-94C66A3E9BBB}.Release|Any CPU.ActiveCfg = Release|Any CPU
		{468B125C-36CD-4F0C-97BD-94C66A3E9BBB}.Release|Any CPU.Build.0 = Release|Any CPU
	EndGlobalSection
	GlobalSection(SolutionProperties) = preSolution
		HideSolutionNode = FALSE
	EndGlobalSection
	GlobalSection(ExtensibilityGlobals) = postSolution
		SolutionGuid = {8E0FF9AD-D181-4454-8130-FE0DE96802F9}
	EndGlobalSection
EndGlobal
