
Microsoft Visual Studio Solution File, Format Version 12.00
# Visual Studio Version 17
VisualStudioVersion = 17.10.35201.131
MinimumVisualStudioVersion = 10.0.40219.1
Project("{FAE04EC0-301F-11D3-BF4B-00C04F79EFBC}") = "Betfair.Benchmarks", "Betfair.Benchmarks\Betfair.Benchmarks.csproj", "{A175BD98-185C-4065-9DD0-C485AEFAF700}"
EndProject
Project("{9A19103F-16F7-4668-BE54-9A1E7A4F7556}") = "Betfair", "..\..\src\Betfair\Betfair.csproj", "{00CADB93-1590-444F-8264-905A365E6EB5}"
EndProject
Global
	GlobalSection(SolutionConfigurationPlatforms) = preSolution
		Debug|Any CPU = Debug|Any CPU
		Release|Any CPU = Release|Any CPU
	EndGlobalSection
	GlobalSection(ProjectConfigurationPlatforms) = postSolution
		{A175BD98-185C-4065-9DD0-C485AEFAF700}.Debug|Any CPU.ActiveCfg = Debug|Any CPU
		{A175BD98-185C-4065-9DD0-C485AEFAF700}.Debug|Any CPU.Build.0 = Debug|Any CPU
		{A175BD98-185C-4065-9DD0-C485AEFAF700}.Release|Any CPU.ActiveCfg = Release|Any CPU
		{A175BD98-185C-4065-9DD0-C485AEFAF700}.Release|Any CPU.Build.0 = Release|Any CPU
		{00CADB93-1590-444F-8264-905A365E6EB5}.Debug|Any CPU.ActiveCfg = Debug|Any CPU
		{00CADB93-1590-444F-8264-905A365E6EB5}.Debug|Any CPU.Build.0 = Debug|Any CPU
		{00CADB93-1590-444F-8264-905A365E6EB5}.Release|Any CPU.ActiveCfg = Release|Any CPU
		{00CADB93-1590-444F-8264-905A365E6EB5}.Release|Any CPU.Build.0 = Release|Any CPU
	EndGlobalSection
	GlobalSection(SolutionProperties) = preSolution
		HideSolutionNode = FALSE
	EndGlobalSection
	GlobalSection(ExtensibilityGlobals) = postSolution
		SolutionGuid = {45D58B68-1FAB-4043-A796-DE1C58E02245}
	EndGlobalSection
EndGlobal
