
Microsoft Visual Studio Solution File, Format Version 12.00
# Visual Studio Version 17
VisualStudioVersion = 17.3.32929.385
MinimumVisualStudioVersion = 10.0.40219.1
Project("{2150E333-8FDC-42A3-9474-1A3956D46DE8}") = "Solution Items", "Solution Items", "{57D71139-6FA5-49A6-946F-6C8B028B3FE0}"
	ProjectSection(SolutionItems) = preProject
		.editorconfig = .editorconfig
	EndProjectSection
EndProject
Project("{9A19103F-16F7-4668-BE54-9A1E7A4F7556}") = "Betfair.Stream", "Betfair.Stream\Betfair.Stream.csproj", "{9590C26B-287B-4563-8C1F-25CBABA96449}"
EndProject
Project("{9A19103F-16F7-4668-BE54-9A1E7A4F7556}") = "Betfair.Stream.Tests", "Betfair.Stream.Tests\Betfair.Stream.Tests.csproj", "{E66E20CB-41B9-41EF-837A-139875AFDDA2}"
EndProject
Project("{9A19103F-16F7-4668-BE54-9A1E7A4F7556}") = "Betfair.Core", "Betfair.Core\Betfair.Core.csproj", "{830C30CC-0D23-4F83-A084-0EA11792EE1D}"
EndProject
Project("{9A19103F-16F7-4668-BE54-9A1E7A4F7556}") = "Betfair.Core.Tests", "Betfair.Core.Tests\Betfair.Core.Tests.csproj", "{5931BCB9-8EED-41E1-888C-59044243B9E0}"
EndProject
Project("{FAE04EC0-301F-11D3-BF4B-00C04F79EFBC}") = "Betfair", "Betfair\Betfair.csproj", "{6D67AAD3-B758-4A4C-BBF1-DBABD8EE0B46}"
EndProject
Project("{FAE04EC0-301F-11D3-BF4B-00C04F79EFBC}") = "Betfair.Tests", "Betfair.Tests\Betfair.Tests.csproj", "{EBF53A5B-A974-4DEA-9B72-24A7392CF59F}"
EndProject
Global
	GlobalSection(SolutionConfigurationPlatforms) = preSolution
		Debug|Any CPU = Debug|Any CPU
		Release|Any CPU = Release|Any CPU
	EndGlobalSection
	GlobalSection(ProjectConfigurationPlatforms) = postSolution
		{9590C26B-287B-4563-8C1F-25CBABA96449}.Debug|Any CPU.ActiveCfg = Debug|Any CPU
		{9590C26B-287B-4563-8C1F-25CBABA96449}.Debug|Any CPU.Build.0 = Debug|Any CPU
		{9590C26B-287B-4563-8C1F-25CBABA96449}.Release|Any CPU.ActiveCfg = Release|Any CPU
		{9590C26B-287B-4563-8C1F-25CBABA96449}.Release|Any CPU.Build.0 = Release|Any CPU
		{E66E20CB-41B9-41EF-837A-139875AFDDA2}.Debug|Any CPU.ActiveCfg = Debug|Any CPU
		{E66E20CB-41B9-41EF-837A-139875AFDDA2}.Debug|Any CPU.Build.0 = Debug|Any CPU
		{E66E20CB-41B9-41EF-837A-139875AFDDA2}.Release|Any CPU.ActiveCfg = Release|Any CPU
		{E66E20CB-41B9-41EF-837A-139875AFDDA2}.Release|Any CPU.Build.0 = Release|Any CPU
		{830C30CC-0D23-4F83-A084-0EA11792EE1D}.Debug|Any CPU.ActiveCfg = Debug|Any CPU
		{830C30CC-0D23-4F83-A084-0EA11792EE1D}.Debug|Any CPU.Build.0 = Debug|Any CPU
		{830C30CC-0D23-4F83-A084-0EA11792EE1D}.Release|Any CPU.ActiveCfg = Release|Any CPU
		{830C30CC-0D23-4F83-A084-0EA11792EE1D}.Release|Any CPU.Build.0 = Release|Any CPU
		{5931BCB9-8EED-41E1-888C-59044243B9E0}.Debug|Any CPU.ActiveCfg = Debug|Any CPU
		{5931BCB9-8EED-41E1-888C-59044243B9E0}.Debug|Any CPU.Build.0 = Debug|Any CPU
		{5931BCB9-8EED-41E1-888C-59044243B9E0}.Release|Any CPU.ActiveCfg = Release|Any CPU
		{5931BCB9-8EED-41E1-888C-59044243B9E0}.Release|Any CPU.Build.0 = Release|Any CPU
		{6D67AAD3-B758-4A4C-BBF1-DBABD8EE0B46}.Debug|Any CPU.ActiveCfg = Debug|Any CPU
		{6D67AAD3-B758-4A4C-BBF1-DBABD8EE0B46}.Debug|Any CPU.Build.0 = Debug|Any CPU
		{6D67AAD3-B758-4A4C-BBF1-DBABD8EE0B46}.Release|Any CPU.ActiveCfg = Release|Any CPU
		{6D67AAD3-B758-4A4C-BBF1-DBABD8EE0B46}.Release|Any CPU.Build.0 = Release|Any CPU
		{EBF53A5B-A974-4DEA-9B72-24A7392CF59F}.Debug|Any CPU.ActiveCfg = Debug|Any CPU
		{EBF53A5B-A974-4DEA-9B72-24A7392CF59F}.Debug|Any CPU.Build.0 = Debug|Any CPU
		{EBF53A5B-A974-4DEA-9B72-24A7392CF59F}.Release|Any CPU.ActiveCfg = Release|Any CPU
		{EBF53A5B-A974-4DEA-9B72-24A7392CF59F}.Release|Any CPU.Build.0 = Release|Any CPU
	EndGlobalSection
	GlobalSection(SolutionProperties) = preSolution
		HideSolutionNode = FALSE
	EndGlobalSection
	GlobalSection(ExtensibilityGlobals) = postSolution
		SolutionGuid = {10DDD922-8284-41AC-B52D-D9767964B76C}
	EndGlobalSection
EndGlobal
