
Microsoft Visual Studio Solution File, Format Version 12.00
# Visual Studio Version 17
VisualStudioVersion = 17.3.32929.385
MinimumVisualStudioVersion = 10.0.40219.1
Project("{9A19103F-16F7-4668-BE54-9A1E7A4F7556}") = "Betfair", "Betfair\Betfair.csproj", "{143B9782-1946-4368-95C8-561BD8C2D20C}"
EndProject
Project("{2150E333-8FDC-42A3-9474-1A3956D46DE8}") = "Solution Items", "Solution Items", "{57D71139-6FA5-49A6-946F-6C8B028B3FE0}"
	ProjectSection(SolutionItems) = preProject
		.editorconfig = .editorconfig
	EndProjectSection
EndProject
Global
	GlobalSection(SolutionConfigurationPlatforms) = preSolution
		Debug|Any CPU = Debug|Any CPU
		Release|Any CPU = Release|Any CPU
	EndGlobalSection
	GlobalSection(ProjectConfigurationPlatforms) = postSolution
		{143B9782-1946-4368-95C8-561BD8C2D20C}.Debug|Any CPU.ActiveCfg = Debug|Any CPU
		{143B9782-1946-4368-95C8-561BD8C2D20C}.Debug|Any CPU.Build.0 = Debug|Any CPU
		{143B9782-1946-4368-95C8-561BD8C2D20C}.Release|Any CPU.ActiveCfg = Release|Any CPU
		{143B9782-1946-4368-95C8-561BD8C2D20C}.Release|Any CPU.Build.0 = Release|Any CPU
	EndGlobalSection
	GlobalSection(SolutionProperties) = preSolution
		HideSolutionNode = FALSE
	EndGlobalSection
	GlobalSection(ExtensibilityGlobals) = postSolution
		SolutionGuid = {10DDD922-8284-41AC-B52D-D9767964B76C}
	EndGlobalSection
EndGlobal
