
Microsoft Visual Studio Solution File, Format Version 12.00
# Visual Studio Version 17
VisualStudioVersion = 17.3.32929.385
MinimumVisualStudioVersion = 10.0.40219.1
Project("{2150E333-8FDC-42A3-9474-1A3956D46DE8}") = "Solution Items", "Solution Items", "{57D71139-6FA5-49A6-946F-6C8B028B3FE0}"
	ProjectSection(SolutionItems) = preProject
		.editorconfig = .editorconfig
		..\.github\workflows\publish.yml = ..\.github\workflows\publish.yml
	EndProjectSection
EndProject
Project("{9A19103F-16F7-4668-BE54-9A1E7A4F7556}") = "Betfair", "Betfair\Betfair.csproj", "{6D67AAD3-B758-4A4C-BBF1-DBABD8EE0B46}"
EndProject
Project("{9A19103F-16F7-4668-BE54-9A1E7A4F7556}") = "Betfair.Tests", "Betfair.Tests\Betfair.Tests.csproj", "{EBF53A5B-A974-4DEA-9B72-24A7392CF59F}"
EndProject
Global
	GlobalSection(SolutionConfigurationPlatforms) = preSolution
		Debug|Any CPU = Debug|Any CPU
		Release|Any CPU = Release|Any CPU
	EndGlobalSection
	GlobalSection(ProjectConfigurationPlatforms) = postSolution
		{6D67AAD3-B758-4A4C-BBF1-DBABD8EE0B46}.Debug|Any CPU.ActiveCfg = Debug|Any CPU
		{6D67AAD3-B758-4A4C-BBF1-DBABD8EE0B46}.Debug|Any CPU.Build.0 = Debug|Any CPU
		{6D67AAD3-B758-4A4C-BBF1-DBABD8EE0B46}.Release|Any CPU.ActiveCfg = Release|Any CPU
		{6D67AAD3-B758-4A4C-BBF1-DBABD8EE0B46}.Release|Any CPU.Build.0 = Release|Any CPU
		{EBF53A5B-A974-4DEA-9B72-24A7392CF59F}.Debug|Any CPU.ActiveCfg = Debug|Any CPU
		{EBF53A5B-A974-4DEA-9B72-24A7392CF59F}.Debug|Any CPU.Build.0 = Debug|Any CPU
		{EBF53A5B-A974-4DEA-9B72-24A7392CF59F}.Release|Any CPU.ActiveCfg = Release|Any CPU
		{EBF53A5B-A974-4DEA-9B72-24A7392CF59F}.Release|Any CPU.Build.0 = Release|Any CPU
	EndGlobalSection
	GlobalSection(SolutionProperties) = preSolution
		HideSolutionNode = FALSE
	EndGlobalSection
	GlobalSection(ExtensibilityGlobals) = postSolution
		SolutionGuid = {10DDD922-8284-41AC-B52D-D9767964B76C}
	EndGlobalSection
EndGlobal
